
Microsoft Visual Studio Solution File, Format Version 12.00
# Visual Studio Version 17
VisualStudioVersion = 17.11.35222.181
MinimumVisualStudioVersion = 10.0.40219.1
Project("{9A19103F-16F7-4668-BE54-9A1E7A4F7556}") = "FluentConfiguration", "FluentConfiguration\FluentConfiguration.csproj", "{713152A0-5439-4049-B221-7DC4FF5168B0}"
EndProject
Project("{2150E333-8FDC-42A3-9474-1A3956D46DE8}") = "Solution Items", "Solution Items", "{501F910B-BB96-424C-BFC0-5EBECB1112C5}"
	ProjectSection(SolutionItems) = preProject
		.gitignore = .gitignore
	EndProjectSection
EndProject
Global
	GlobalSection(SolutionConfigurationPlatforms) = preSolution
		Debug|Any CPU = Debug|Any CPU
		Release|Any CPU = Release|Any CPU
	EndGlobalSection
	GlobalSection(ProjectConfigurationPlatforms) = postSolution
		{713152A0-5439-4049-B221-7DC4FF5168B0}.Debug|Any CPU.ActiveCfg = Debug|Any CPU
		{713152A0-5439-4049-B221-7DC4FF5168B0}.Debug|Any CPU.Build.0 = Debug|Any CPU
		{713152A0-5439-4049-B221-7DC4FF5168B0}.Release|Any CPU.ActiveCfg = Release|Any CPU
		{713152A0-5439-4049-B221-7DC4FF5168B0}.Release|Any CPU.Build.0 = Release|Any CPU
	EndGlobalSection
	GlobalSection(SolutionProperties) = preSolution
		HideSolutionNode = FALSE
	EndGlobalSection
	GlobalSection(ExtensibilityGlobals) = postSolution
		SolutionGuid = {09574F7E-F74E-4313-AF95-99462A245A7C}
	EndGlobalSection
EndGlobal
